{
  "name": "aoc2021",
  "version": "1.0.0",
  "lockfileVersion": 1,
  "requires": true,
  "dependencies": {
    "@types/node": {
      "version": "16.11.11",
      "resolved": "https://bams-aws.refinitiv.com/artifactory/api/npm/default.npm.global/@types/node/-/node-16.11.11.tgz",
      "integrity": "sha1-bqc0Lfs3nqEhCDW62oezxRISAjQ="
    },
    "typescript": {
      "version": "4.5.2",
      "resolved": "https://bams-aws.refinitiv.com/artifactory/api/npm/default.npm.global/typescript/-/typescript-4.5.2.tgz",
      "integrity": "sha1-isH7qfUiVv2wb7ieQSL6ajRsKZg="
    }
  }
}
